Microsoft Visual Studio Solution File, Format Version 12.00
# Visual Studio Version 17
VisualStudioVersion = 17.5.2.0
MinimumVisualStudioVersion = 10.0.40219.1
Project("{FAE04EC0-301F-11D3-BF4B-00C04F79EFBC}") = "SNSDarkHistory.Backend", "SNSDarkHistory.Backend\SNSDarkHistory.Backend.csproj", "{4E09B01A-40FD-0EB2-387D-0CC2E1BCD509}"
EndProject
Global
	GlobalSection(SolutionConfigurationPlatforms) = preSolution
		Debug|Any CPU = Debug|Any CPU
		Release|Any CPU = Release|Any CPU
	EndGlobalSection
	GlobalSection(ProjectConfigurationPlatforms) = postSolution
		{4E09B01A-40FD-0EB2-387D-0CC2E1BCD509}.Debug|Any CPU.ActiveCfg = Debug|Any CPU
		{4E09B01A-40FD-0EB2-387D-0CC2E1BCD509}.Debug|Any CPU.Build.0 = Debug|Any CPU
		{4E09B01A-40FD-0EB2-387D-0CC2E1BCD509}.Release|Any CPU.ActiveCfg = Release|Any CPU
		{4E09B01A-40FD-0EB2-387D-0CC2E1BCD509}.Release|Any CPU.Build.0 = Release|Any CPU
	EndGlobalSection
	GlobalSection(SolutionProperties) = preSolution
		HideSolutionNode = FALSE
	EndGlobalSection
	GlobalSection(ExtensibilityGlobals) = postSolution
		SolutionGuid = {1FFBF5A3-E52F-4986-9361-AF59888ABF6B}
	EndGlobalSection
EndGlobal
